{
  "originHash" : "34042f224c794b90ea1f80e11b57fa882bea205bf5bf0affe52c4a643023015a",
  "pins" : [
    {
      "identity" : "swift-argument-parser",
      "kind" : "remoteSourceControl",
      "location" : "https://github.com/apple/swift-argument-parser",
      "state" : {
        "revision" : "6a52f3251125d74daf04fcbd5e6f08a75d074382",
        "version" : "1.8.2"
      }
    },
    {
      "identity" : "swift-tree-sitter",
      "kind" : "remoteSourceControl",
      "location" : "https://github.com/tree-sitter/swift-tree-sitter",
      "state" : {
        "revision" : "f97df585296977d8fcaf644cbde567151d1367b8",
        "version" : "0.10.0"
      }
    },
    {
      "identity" : "swiftterm",
      "kind" : "remoteSourceControl",
      "location" : "https://github.com/migueldeicaza/SwiftTerm",
      "state" : {
        "revision" : "849e8a4f3d6f79ddee07152400137f1370c32621",
        "version" : "1.14.0"
      }
    },
    {
      "identity" : "tree-sitter",
      "kind" : "remoteSourceControl",
      "location" : "https://github.com/tree-sitter/tree-sitter",
      "state" : {
        "revision" : "da6fe9beb4f7f67beb75914ca8e0d48ae48d6406",
        "version" : "0.25.10"
      }
    },
    {
      "identity" : "tree-sitter-bash",
      "kind" : "remoteSourceControl",
      "location" : "https://github.com/tree-sitter/tree-sitter-bash",
      "state" : {
        "revision" : "a06c2e4415e9bc0346c6b86d401879ffb44058f7",
        "version" : "0.25.1"
      }
    },
    {
      "identity" : "tree-sitter-c",
      "kind" : "remoteSourceControl",
      "location" : "https://github.com/tree-sitter/tree-sitter-c",
      "state" : {
        "revision" : "b780e47fc780ddc8da13afa35a3f4ed5c157823d",
        "version" : "0.24.2"
      }
    },
    {
      "identity" : "tree-sitter-cpp",
      "kind" : "remoteSourceControl",
      "location" : "https://github.com/tree-sitter/tree-sitter-cpp",
      "state" : {
        "revision" : "f41e1a044c8a84ea9fa8577fdd2eab92ec96de02",
        "version" : "0.23.4"
      }
    },
    {
      "identity" : "tree-sitter-json",
      "kind" : "remoteSourceControl",
      "location" : "https://github.com/tree-sitter/tree-sitter-json",
      "state" : {
        "revision" : "ee35a6ebefcef0c5c416c0d1ccec7370cfca5a24",
        "version" : "0.24.8"
      }
    },
    {
      "identity" : "tree-sitter-markdown",
      "kind" : "remoteSourceControl",
      "location" : "https://github.com/tree-sitter-grammars/tree-sitter-markdown",
      "state" : {
        "revision" : "f969cd3ae3f9fbd4e43205431d0ae286014c05b5",
        "version" : "0.5.3"
      }
    },
    {
      "identity" : "tree-sitter-swift",
      "kind" : "remoteSourceControl",
      "location" : "https://github.com/alex-pinkus/tree-sitter-swift",
      "state" : {
        "revision" : "31d17fe7e818a2048c808b5c6fdc2dc792f4f5b5",
        "version" : "0.7.3-with-generated-files"
      }
    }
  ],
  "version" : 3
}
